<?xml version="1.0" encoding="utf-8"?>
<Project ToolsVersion="4.0" xmlns="http://schemas.microsoft.com/developer/msbuild/2003">
  <ItemGroup>
    <Filter Include="Include">
      <UniqueIdentifier>{93995380-89BD-4b04-88EB-625FBE52EBFB}</UniqueIdentifier>
      <Extensions>h;hh;hpp;hxx;hm;inl;inc;ipp;xsd</Extensions>
    </Filter>
    <Filter Include="Example">
      <UniqueIdentifier>{8893ffd2-ab11-4392-bf28-f279c13eb7c0}</UniqueIdentifier>
    </Filter>
    <Filter Include="Source">
      <UniqueIdentifier>{4FC737F1-C7A5-4376-A066-2A32D752A2FF}</UniqueIdentifier>
      <Extensions>cpp;c;cc;cxx;def;odl;idl;hpj;bat;asm;asmx</Extensions>
    </Filter>
    <Filter Include="Include\Fsm">
      <UniqueIdentifier>{d7ff1f6a-a002-4e16-87e5-994286e1f7a6}</UniqueIdentifier>
    </Filter>
    <Filter Include="Include\Base">
      <UniqueIdentifier>{66af298a-6b85-4167-ad9a-fedb37281232}</UniqueIdentifier>
    </Filter>
    <Filter Include="Source\Base">
      <UniqueIdentifier>{9c4a0574-b6f8-4e8d-ad85-bb2fcd480f2b}</UniqueIdentifier>
    </Filter>
    <Filter Include="Source\Fsm">
      <UniqueIdentifier>{59dd2685-7958-4609-a39c-42df3defb9c9}</UniqueIdentifier>
    </Filter>
    <Filter Include="Include\TaskGun">
      <UniqueIdentifier>{f2e68e8e-5b87-49ab-8675-5920b0125e89}</UniqueIdentifier>
    </Filter>
    <Filter Include="Include\RBTree">
      <UniqueIdentifier>{928f5a1b-0594-4890-93f7-6c2fc29e374a}</UniqueIdentifier>
    </Filter>
    <Filter Include="Source\RBTree">
      <UniqueIdentifier>{9b2cdf0c-247c-41e1-b285-93b4a52cd8ce}</UniqueIdentifier>
    </Filter>
    <Filter Include="Source\Sort">
      <UniqueIdentifier>{e9901b49-55df-4507-8bd2-4880652ef823}</UniqueIdentifier>
    </Filter>
    <Filter Include="Include\Sort">
      <UniqueIdentifier>{a781ccc3-8411-4078-9d7a-54f489b09362}</UniqueIdentifier>
    </Filter>
  </ItemGroup>
  <ItemGroup>
    <ClInclude Include="Include\NfLib\Array.h">
      <Filter>Include\Base</Filter>
    </ClInclude>
    <ClInclude Include="Include\NfLib\Base.h">
      <Filter>Include\Base</Filter>
    </ClInclude>
    <ClInclude Include="Include\NfLib\Swap.h">
      <Filter>Include\Base</Filter>
    </ClInclude>
    <ClInclude Include="Include\NfLib\Fsm.h">
      <Filter>Include\Fsm</Filter>
    </ClInclude>
    <ClInclude Include="Include\NfLib\FsmCfg.h">
      <Filter>Include\Fsm</Filter>
    </ClInclude>
    <ClInclude Include="Include\NfLib\FsmLine.h">
      <Filter>Include\Fsm</Filter>
    </ClInclude>
    <ClInclude Include="Include\NfLib\FsmNode.h">
      <Filter>Include\Fsm</Filter>
    </ClInclude>
    <ClInclude Include="Example\Examples.h">
      <Filter>Example</Filter>
    </ClInclude>
    <ClInclude Include="Include\NfLib\Bytes.h">
      <Filter>Include\Base</Filter>
    </ClInclude>
    <ClInclude Include="Include\NfLib\TaskGun.h">
      <Filter>Include\TaskGun</Filter>
    </ClInclude>
    <ClInclude Include="Include\NfLib\Log.h">
      <Filter>Include\Base</Filter>
    </ClInclude>
    <ClInclude Include="Include\NfLib\Queue.h">
      <Filter>Include\Base</Filter>
    </ClInclude>
    <ClInclude Include="Include\NfLib\QuickSort.h">
      <Filter>Include\Sort</Filter>
    </ClInclude>
  </ItemGroup>
  <ItemGroup>
    <ClCompile Include="Source\Base.c">
      <Filter>Source\Base</Filter>
    </ClCompile>
    <ClCompile Include="Source\Fsm.c">
      <Filter>Source\Fsm</Filter>
    </ClCompile>
    <ClCompile Include="Source\FsmLine.c">
      <Filter>Source\Fsm</Filter>
    </ClCompile>
    <ClCompile Include="Source\FsmNode.c">
      <Filter>Source\Fsm</Filter>
    </ClCompile>
    <ClCompile Include="Example\ArrayExample.c">
      <Filter>Example</Filter>
    </ClCompile>
    <ClCompile Include="Example\BaseExample.c">
      <Filter>Example</Filter>
    </ClCompile>
    <ClCompile Include="Example\FsmExample.c">
      <Filter>Example</Filter>
    </ClCompile>
    <ClCompile Include="Main.c" />
    <ClCompile Include="Example\TaskGunExample.c">
      <Filter>Example</Filter>
    </ClCompile>
    <ClCompile Include="Example\LogExample.c">
      <Filter>Example</Filter>
    </ClCompile>
    <ClCompile Include="Source\Log.c">
      <Filter>Source\Base</Filter>
    </ClCompile>
    <ClCompile Include="Example\PolymorphismExample.c">
      <Filter>Example</Filter>
    </ClCompile>
    <ClCompile Include="TEST.C" />
    <ClCompile Include="Example\QuickSortExample.c">
      <Filter>Example</Filter>
    </ClCompile>
  </ItemGroup>
</Project>